// !$*UTF8*$!
{
	archiveVersion = 1;
	classes = {
	};
	objectVersion = 50;
	objects = {

/* Begin PBXBuildFile section */
		0FF6F745211CB78D007C8697 /* Future.swift in Sources */ = {isa = PBXBuildFile; fileRef = 0FF6F744211CB78D007C8697 /* Future.swift */; };
		0FF6F74D211CB7AC007C8697 /* FutureTests.swift in Sources */ = {isa = PBXBuildFile; fileRef = 0FF6F74C211CB7AC007C8697 /* FutureTests.swift */; };
		0FF6F74F211CB7AC007C8697 /* libSwiftFuture.a in Frameworks */ = {isa = PBXBuildFile; fileRef = 0FF6F738211CB6E5007C8697 /* libSwiftFuture.a */; };
/* End PBXBuildFile section */

/* Begin PBXContainerItemProxy section */
		0FF6F750211CB7AC007C8697 /* PBXContainerItemProxy */ = {
			isa = PBXContainerItemProxy;
			containerPortal = 0FF6F730211CB6E5007C8697 /* Project object */;
			proxyType = 1;
			remoteGlobalIDString = 0FF6F737211CB6E5007C8697;
			remoteInfo = SwiftFuture;
		};
/* End PBXContainerItemProxy section */

/* Begin PBXFileReference section */
		0FF6F738211CB6E5007C8697 /* libSwiftFuture.a */ = {isa = PBXFileReference; explicitFileType = archive.ar; includeInIndex = 0; path = libSwiftFuture.a; sourceTree = BUILT_PRODUCTS_DIR; };
		0FF6F744211CB78D007C8697 /* Future.swift */ = {isa = PBXFileReference; fileEncoding = 4; lastKnownFileType = sourcecode.swift; path = Future.swift; sourceTree = "<group>"; };
		0FF6F74A211CB7AC007C8697 /* SwiftFutureTests.xctest */ = {isa = PBXFileReference; explicitFileType = wrapper.cfbundle; includeInIndex = 0; path = SwiftFutureTests.xctest; sourceTree = BUILT_PRODUCTS_DIR; };
		0FF6F74C211CB7AC007C8697 /* FutureTests.swift */ = {isa = PBXFileReference; lastKnownFileType = sourcecode.swift; path = FutureTests.swift; sourceTree = "<group>"; };
		0FF6F74E211CB7AC007C8697 /* Info.plist */ = {isa = PBXFileReference; lastKnownFileType = text.plist.xml; path = Info.plist; sourceTree = "<group>"; };
		0FF6F755211CBC7B007C8697 /* SwiftFuture.podspec */ = {isa = PBXFileReference; explicitFileType = text.script.ruby; path = SwiftFuture.podspec; sourceTree = "<group>"; };
/* End PBXFileReference section */

/* Begin PBXFrameworksBuildPhase section */
		0FF6F735211CB6E5007C8697 /* Frameworks */ = {
			isa = PBXFrameworksBuildPhase;
			buildActionMask = 2147483647;
			files = (
			);
			runOnlyForDeploymentPostprocessing = 0;
		};
		0FF6F747211CB7AC007C8697 /* Frameworks */ = {
			isa = PBXFrameworksBuildPhase;
			buildActionMask = 2147483647;
			files = (
				0FF6F74F211CB7AC007C8697 /* libSwiftFuture.a in Frameworks */,
			);
			runOnlyForDeploymentPostprocessing = 0;
		};
/* End PBXFrameworksBuildPhase section */

/* Begin PBXGroup section */
		0FF6F72F211CB6E5007C8697 = {
			isa = PBXGroup;
			children = (
				0FF6F755211CBC7B007C8697 /* SwiftFuture.podspec */,
				0FF6F73A211CB6E5007C8697 /* src */,
				0FF6F74B211CB7AC007C8697 /* test */,
				0FF6F739211CB6E5007C8697 /* Products */,
			);
			sourceTree = "<group>";
		};
		0FF6F739211CB6E5007C8697 /* Products */ = {
			isa = PBXGroup;
			children = (
				0FF6F738211CB6E5007C8697 /* libSwiftFuture.a */,
				0FF6F74A211CB7AC007C8697 /* SwiftFutureTests.xctest */,
			);
			name = Products;
			sourceTree = "<group>";
		};
		0FF6F73A211CB6E5007C8697 /* src */ = {
			isa = PBXGroup;
			children = (
				0FF6F744211CB78D007C8697 /* Future.swift */,
			);
			path = src;
			sourceTree = "<group>";
		};
		0FF6F74B211CB7AC007C8697 /* test */ = {
			isa = PBXGroup;
			children = (
				0FF6F74C211CB7AC007C8697 /* FutureTests.swift */,
				0FF6F74E211CB7AC007C8697 /* Info.plist */,
			);
			path = test;
			sourceTree = "<group>";
		};
/* End PBXGroup section */

/* Begin PBXHeadersBuildPhase section */
		0FF6F736211CB6E5007C8697 /* Headers */ = {
			isa = PBXHeadersBuildPhase;
			buildActionMask = 2147483647;
			files = (
			);
			runOnlyForDeploymentPostprocessing = 0;
		};
/* End PBXHeadersBuildPhase section */

/* Begin PBXNativeTarget section */
		0FF6F737211CB6E5007C8697 /* SwiftFuture */ = {
			isa = PBXNativeTarget;
			buildConfigurationList = 0FF6F741211CB6E5007C8697 /* Build configuration list for PBXNativeTarget "SwiftFuture" */;
			buildPhases = (
				0FF6F734211CB6E5007C8697 /* Sources */,
				0FF6F735211CB6E5007C8697 /* Frameworks */,
				0FF6F736211CB6E5007C8697 /* Headers */,
			);
			buildRules = (
			);
			dependencies = (
			);
			name = SwiftFuture;
			productName = SwiftFuture;
			productReference = 0FF6F738211CB6E5007C8697 /* libSwiftFuture.a */;
			productType = "com.apple.product-type.library.static";
		};
		0FF6F749211CB7AC007C8697 /* SwiftFutureTests */ = {
			isa = PBXNativeTarget;
			buildConfigurationList = 0FF6F752211CB7AC007C8697 /* Build configuration list for PBXNativeTarget "SwiftFutureTests" */;
			buildPhases = (
				0FF6F746211CB7AC007C8697 /* Sources */,
				0FF6F747211CB7AC007C8697 /* Frameworks */,
				0FF6F748211CB7AC007C8697 /* Resources */,
			);
			buildRules = (
			);
			dependencies = (
				0FF6F751211CB7AC007C8697 /* PBXTargetDependency */,
			);
			name = SwiftFutureTests;
			productName = SwiftFutureTests;
			productReference = 0FF6F74A211CB7AC007C8697 /* SwiftFutureTests.xctest */;
			productType = "com.apple.product-type.bundle.unit-test";
		};
/* End PBXNativeTarget section */

/* Begin PBXProject section */
		0FF6F730211CB6E5007C8697 /* Project object */ = {
			isa = PBXProject;
			attributes = {
				LastSwiftUpdateCheck = 0940;
				LastUpgradeCheck = 0940;
				ORGANIZATIONNAME = cristik;
				TargetAttributes = {
					0FF6F737211CB6E5007C8697 = {
						CreatedOnToolsVersion = 9.4.1;
						LastSwiftMigration = 0940;
					};
					0FF6F749211CB7AC007C8697 = {
						CreatedOnToolsVersion = 9.4.1;
					};
				};
			};
			buildConfigurationList = 0FF6F733211CB6E5007C8697 /* Build configuration list for PBXProject "SwiftFuture" */;
			compatibilityVersion = "Xcode 9.3";
			developmentRegion = en;
			hasScannedForEncodings = 0;
			knownRegions = (
				en,
			);
			mainGroup = 0FF6F72F211CB6E5007C8697;
			productRefGroup = 0FF6F739211CB6E5007C8697 /* Products */;
			projectDirPath = "";
			projectRoot = "";
			targets = (
				0FF6F737211CB6E5007C8697 /* SwiftFuture */,
				0FF6F749211CB7AC007C8697 /* SwiftFutureTests */,
			);
		};
/* End PBXProject section */

/* Begin PBXResourcesBuildPhase section */
		0FF6F748211CB7AC007C8697 /* Resources */ = {
			isa = PBXResourcesBuildPhase;
			buildActionMask = 2147483647;
			files = (
			);
			runOnlyForDeploymentPostprocessing = 0;
		};
/* End PBXResourcesBuildPhase section */

/* Begin PBXSourcesBuildPhase section */
		0FF6F734211CB6E5007C8697 /* Sources */ = {
			isa = PBXSourcesBuildPhase;
			buildActionMask = 2147483647;
			files = (
				0FF6F745211CB78D007C8697 /* Future.swift in Sources */,
			);
			runOnlyForDeploymentPostprocessing = 0;
		};
		0FF6F746211CB7AC007C8697 /* Sources */ = {
			isa = PBXSourcesBuildPhase;
			buildActionMask = 2147483647;
			files = (
				0FF6F74D211CB7AC007C8697 /* FutureTests.swift in Sources */,
			);
			runOnlyForDeploymentPostprocessing = 0;
		};
/* End PBXSourcesBuildPhase section */

/* Begin PBXTargetDependency section */
		0FF6F751211CB7AC007C8697 /* PBXTargetDependency */ = {
			isa = PBXTargetDependency;
			target = 0FF6F737211CB6E5007C8697 /* SwiftFuture */;
			targetProxy = 0FF6F750211CB7AC007C8697 /* PBXContainerItemProxy */;
		};
/* End PBXTargetDependency section */

/* Begin XCBuildConfiguration section */
		0FF6F73F211CB6E5007C8697 /* Debug */ = {
			isa = XCBuildConfiguration;
			buildSettings = {
				ALWAYS_SEARCH_USER_PATHS = NO;
				CLANG_ANALYZER_NONNULL = YES;
				CLANG_ANALYZER_NUMBER_OBJECT_CONVERSION = YES_AGGRESSIVE;
				CLANG_CXX_LANGUAGE_STANDARD = "gnu++14";
				CLANG_CXX_LIBRARY = "libc++";
				CLANG_ENABLE_MODULES = YES;
				CLANG_ENABLE_OBJC_ARC = YES;
				CLANG_ENABLE_OBJC_WEAK = YES;
				CLANG_WARN_BLOCK_CAPTURE_AUTORELEASING = YES;
				CLANG_WARN_BOOL_CONVERSION = YES;
				CLANG_WARN_COMMA = YES;
				CLANG_WARN_CONSTANT_CONVERSION = YES;
				CLANG_WARN_DEPRECATED_OBJC_IMPLEMENTATIONS = YES;
				CLANG_WARN_DIRECT_OBJC_ISA_USAGE = YES_ERROR;
				CLANG_WARN_DOCUMENTATION_COMMENTS = YES;
				CLANG_WARN_EMPTY_BODY = YES;
				CLANG_WARN_ENUM_CONVERSION = YES;
				CLANG_WARN_INFINITE_RECURSION = YES;
				CLANG_WARN_INT_CONVERSION = YES;
				CLANG_WARN_NON_LITERAL_NULL_CONVERSION = YES;
				CLANG_WARN_OBJC_IMPLICIT_RETAIN_SELF = YES;
				CLANG_WARN_OBJC_LITERAL_CONVERSION = YES;
				CLANG_WARN_OBJC_ROOT_CLASS = YES_ERROR;
				CLANG_WARN_RANGE_LOOP_ANALYSIS = YES;
				CLANG_WARN_STRICT_PROTOTYPES = YES;
				CLANG_WARN_SUSPICIOUS_MOVE = YES;
				CLANG_WARN_UNGUARDED_AVAILABILITY = YES_AGGRESSIVE;
				CLANG_WARN_UNREACHABLE_CODE = YES;
				CLANG_WARN__DUPLICATE_METHOD_MATCH = YES;
				CODE_SIGN_IDENTITY = "Mac Developer";
				COPY_PHASE_STRIP = NO;
				DEBUG_INFORMATION_FORMAT = dwarf;
				ENABLE_STRICT_OBJC_MSGSEND = YES;
				ENABLE_TESTABILITY = YES;
				GCC_C_LANGUAGE_STANDARD = gnu11;
				GCC_DYNAMIC_NO_PIC = NO;
				GCC_NO_COMMON_BLOCKS = YES;
				GCC_OPTIMIZATION_LEVEL = 0;
				GCC_PREPROCESSOR_DEFINITIONS = (
					"DEBUG=1",
					"$(inherited)",
				);
				GCC_WARN_64_TO_32_BIT_CONVERSION = YES;
				GCC_WARN_ABOUT_RETURN_TYPE = YES_ERROR;
				GCC_WARN_UNDECLARED_SELECTOR = YES;
				GCC_WARN_UNINITIALIZED_AUTOS = YES_AGGRESSIVE;
				GCC_WARN_UNUSED_FUNCTION = YES;
				GCC_WARN_UNUSED_VARIABLE = YES;
				MACOSX_DEPLOYMENT_TARGET = 10.13;
				MTL_ENABLE_DEBUG_INFO = YES;
				ONLY_ACTIVE_ARCH = YES;
				SDKROOT = macosx;
			};
			name = Debug;
		};
		0FF6F740211CB6E5007C8697 /* Release */ = {
			isa = XCBuildConfiguration;
			buildSettings = {
				ALWAYS_SEARCH_USER_PATHS = NO;
				CLANG_ANALYZER_NONNULL = YES;
				CLANG_ANALYZER_NUMBER_OBJECT_CONVERSION = YES_AGGRESSIVE;
				CLANG_CXX_LANGUAGE_STANDARD = "gnu++14";
				CLANG_CXX_LIBRARY = "libc++";
				CLANG_ENABLE_MODULES = YES;
				CLANG_ENABLE_OBJC_ARC = YES;
				CLANG_ENABLE_OBJC_WEAK = YES;
				CLANG_WARN_BLOCK_CAPTURE_AUTORELEASING = YES;
				CLANG_WARN_BOOL_CONVERSION = YES;
				CLANG_WARN_COMMA = YES;
				CLANG_WARN_CONSTANT_CONVERSION = YES;
				CLANG_WARN_DEPRECATED_OBJC_IMPLEMENTATIONS = YES;
				CLANG_WARN_DIRECT_OBJC_ISA_USAGE = YES_ERROR;
				CLANG_WARN_DOCUMENTATION_COMMENTS = YES;
				CLANG_WARN_EMPTY_BODY = YES;
				CLANG_WARN_ENUM_CONVERSION = YES;
				CLANG_WARN_INFINITE_RECURSION = YES;
				CLANG_WARN_INT_CONVERSION = YES;
				CLANG_WARN_NON_LITERAL_NULL_CONVERSION = YES;
				CLANG_WARN_OBJC_IMPLICIT_RETAIN_SELF = YES;
				CLANG_WARN_OBJC_LITERAL_CONVERSION = YES;
				CLANG_WARN_OBJC_ROOT_CLASS = YES_ERROR;
				CLANG_WARN_RANGE_LOOP_ANALYSIS = YES;
				CLANG_WARN_STRICT_PROTOTYPES = YES;
				CLANG_WARN_SUSPICIOUS_MOVE = YES;
				CLANG_WARN_UNGUARDED_AVAILABILITY = YES_AGGRESSIVE;
				CLANG_WARN_UNREACHABLE_CODE = YES;
				CLANG_WARN__DUPLICATE_METHOD_MATCH = YES;
				CODE_SIGN_IDENTITY = "Mac Developer";
				COPY_PHASE_STRIP = NO;
				DEBUG_INFORMATION_FORMAT = "dwarf-with-dsym";
				ENABLE_NS_ASSERTIONS = NO;
				ENABLE_STRICT_OBJC_MSGSEND = YES;
				GCC_C_LANGUAGE_STANDARD = gnu11;
				GCC_NO_COMMON_BLOCKS = YES;
				GCC_WARN_64_TO_32_BIT_CONVERSION = YES;
				GCC_WARN_ABOUT_RETURN_TYPE = YES_ERROR;
				GCC_WARN_UNDECLARED_SELECTOR = YES;
				GCC_WARN_UNINITIALIZED_AUTOS = YES_AGGRESSIVE;
				GCC_WARN_UNUSED_FUNCTION = YES;
				GCC_WARN_UNUSED_VARIABLE = YES;
				MACOSX_DEPLOYMENT_TARGET = 10.13;
				MTL_ENABLE_DEBUG_INFO = NO;
				SDKROOT = macosx;
			};
			name = Release;
		};
		0FF6F742211CB6E5007C8697 /* Debug */ = {
			isa = XCBuildConfiguration;
			buildSettings = {
				CLANG_ENABLE_MODULES = YES;
				CODE_SIGN_STYLE = Automatic;
				DEVELOPMENT_TEAM = F256K9XGKC;
				EXECUTABLE_PREFIX = lib;
				LD_RUNPATH_SEARCH_PATHS = (
					"$(inherited)",
					"@executable_path/../Frameworks",
					"@loader_path/../Frameworks",
				);
				PRODUCT_NAME = "$(TARGET_NAME)";
				SKIP_INSTALL = YES;
				SWIFT_OPTIMIZATION_LEVEL = "-Onone";
				SWIFT_VERSION = 3.0;
			};
			name = Debug;
		};
		0FF6F743211CB6E5007C8697 /* Release */ = {
			isa = XCBuildConfiguration;
			buildSettings = {
				CLANG_ENABLE_MODULES = YES;
				CODE_SIGN_STYLE = Automatic;
				DEVELOPMENT_TEAM = F256K9XGKC;
				EXECUTABLE_PREFIX = lib;
				LD_RUNPATH_SEARCH_PATHS = (
					"$(inherited)",
					"@executable_path/../Frameworks",
					"@loader_path/../Frameworks",
				);
				PRODUCT_NAME = "$(TARGET_NAME)";
				SKIP_INSTALL = YES;
				SWIFT_VERSION = 3.0;
			};
			name = Release;
		};
		0FF6F753211CB7AC007C8697 /* Debug */ = {
			isa = XCBuildConfiguration;
			buildSettings = {
				CODE_SIGN_STYLE = Automatic;
				COMBINE_HIDPI_IMAGES = YES;
				DEVELOPMENT_TEAM = F256K9XGKC;
				INFOPLIST_FILE = test/Info.plist;
				LD_RUNPATH_SEARCH_PATHS = (
					"$(inherited)",
					"@executable_path/../Frameworks",
					"@loader_path/../Frameworks",
				);
				PRODUCT_BUNDLE_IDENTIFIER = com.cristik.SwiftFutureTests;
				PRODUCT_NAME = "$(TARGET_NAME)";
				SWIFT_ACTIVE_COMPILATION_CONDITIONS = DEBUG;
				SWIFT_OPTIMIZATION_LEVEL = "-Onone";
				SWIFT_VERSION = 4.0;
			};
			name = Debug;
		};
		0FF6F754211CB7AC007C8697 /* Release */ = {
			isa = XCBuildConfiguration;
			buildSettings = {
				CODE_SIGN_STYLE = Automatic;
				COMBINE_HIDPI_IMAGES = YES;
				DEVELOPMENT_TEAM = F256K9XGKC;
				INFOPLIST_FILE = test/Info.plist;
				LD_RUNPATH_SEARCH_PATHS = (
					"$(inherited)",
					"@executable_path/../Frameworks",
					"@loader_path/../Frameworks",
				);
				PRODUCT_BUNDLE_IDENTIFIER = com.cristik.SwiftFutureTests;
				PRODUCT_NAME = "$(TARGET_NAME)";
				SWIFT_COMPILATION_MODE = wholemodule;
				SWIFT_OPTIMIZATION_LEVEL = "-O";
				SWIFT_VERSION = 4.0;
			};
			name = Release;
		};
/* End XCBuildConfiguration section */

/* Begin XCConfigurationList section */
		0FF6F733211CB6E5007C8697 /* Build configuration list for PBXProject "SwiftFuture" */ = {
			isa = XCConfigurationList;
			buildConfigurations = (
				0FF6F73F211CB6E5007C8697 /* Debug */,
				0FF6F740211CB6E5007C8697 /* Release */,
			);
			defaultConfigurationIsVisible = 0;
			defaultConfigurationName = Release;
		};
		0FF6F741211CB6E5007C8697 /* Build configuration list for PBXNativeTarget "SwiftFuture" */ = {
			isa = XCConfigurationList;
			buildConfigurations = (
				0FF6F742211CB6E5007C8697 /* Debug */,
				0FF6F743211CB6E5007C8697 /* Release */,
			);
			defaultConfigurationIsVisible = 0;
			defaultConfigurationName = Release;
		};
		0FF6F752211CB7AC007C8697 /* Build configuration list for PBXNativeTarget "SwiftFutureTests" */ = {
			isa = XCConfigurationList;
			buildConfigurations = (
				0FF6F753211CB7AC007C8697 /* Debug */,
				0FF6F754211CB7AC007C8697 /* Release */,
			);
			defaultConfigurationIsVisible = 0;
			defaultConfigurationName = Release;
		};
/* End XCConfigurationList section */
	};
	rootObject = 0FF6F730211CB6E5007C8697 /* Project object */;
}
